
Microsoft Visual Studio Solution File, Format Version 12.00
# Visual Studio Version 16
VisualStudioVersion = 16.0.29613.14
MinimumVisualStudioVersion = 10.0.40219.1
Project("{FAE04EC0-301F-11D3-BF4B-00C04F79EFBC}") = "UTTScan.UWP", "UTTScan\UTTScan.UWP\UTTScan.UWP.csproj", "{8E5FF499-3FE9-4D32-B728-84E277CBA486}"
EndProject
Project("{FAE04EC0-301F-11D3-BF4B-00C04F79EFBC}") = "UTTScan.Android", "UTTScan\UTTScan.Android\UTTScan.Android.csproj", "{16308B9B-91CF-4631-B95E-3D55A7439A08}"
EndProject
Project("{FAE04EC0-301F-11D3-BF4B-00C04F79EFBC}") = "UTTScan.iOS", "UTTScan\UTTScan.iOS\UTTScan.iOS.csproj", "{7015CE55-EBAC-4F13-8DA6-A086746B90FD}"
EndProject
Project("{FAE04EC0-301F-11D3-BF4B-00C04F79EFBC}") = "UTTScan", "UTTScan\UTTScan\UTTScan.csproj", "{C4314496-E650-4C2B-861E-DD34D61141BA}"
EndProject
Global
	GlobalSection(SolutionConfigurationPlatforms) = preSolution
		Debug|Any CPU = Debug|Any CPU
		Debug|ARM = Debug|ARM
		Debug|iPhone = Debug|iPhone
		Debug|iPhoneSimulator = Debug|iPhoneSimulator
		Debug|x64 = Debug|x64
		Debug|x86 = Debug|x86
		Release|Any CPU = Release|Any CPU
		Release|ARM = Release|ARM
		Release|iPhone = Release|iPhone
		Release|iPhoneSimulator = Release|iPhoneSimulator
		Release|x64 = Release|x64
		Release|x86 = Release|x86
	EndGlobalSection
	GlobalSection(ProjectConfigurationPlatforms) = postSolution
		{8E5FF499-3FE9-4D32-B728-84E277CBA486}.Debug|Any CPU.ActiveCfg = Debug|x86
		{8E5FF499-3FE9-4D32-B728-84E277CBA486}.Debug|Any CPU.Build.0 = Debug|x86
		{8E5FF499-3FE9-4D32-B728-84E277CBA486}.Debug|Any CPU.Deploy.0 = Debug|x86
		{8E5FF499-3FE9-4D32-B728-84E277CBA486}.Debug|ARM.ActiveCfg = Debug|ARM
		{8E5FF499-3FE9-4D32-B728-84E277CBA486}.Debug|ARM.Build.0 = Debug|ARM
		{8E5FF499-3FE9-4D32-B728-84E277CBA486}.Debug|ARM.Deploy.0 = Debug|ARM
		{8E5FF499-3FE9-4D32-B728-84E277CBA486}.Debug|iPhone.ActiveCfg = Debug|x86
		{8E5FF499-3FE9-4D32-B728-84E277CBA486}.Debug|iPhone.Build.0 = Debug|x86
		{8E5FF499-3FE9-4D32-B728-84E277CBA486}.Debug|iPhone.Deploy.0 = Debug|x86
		{8E5FF499-3FE9-4D32-B728-84E277CBA486}.Debug|iPhoneSimulator.ActiveCfg = Debug|x86
		{8E5FF499-3FE9-4D32-B728-84E277CBA486}.Debug|iPhoneSimulator.Build.0 = Debug|x86
		{8E5FF499-3FE9-4D32-B728-84E277CBA486}.Debug|iPhoneSimulator.Deploy.0 = Debug|x86
		{8E5FF499-3FE9-4D32-B728-84E277CBA486}.Debug|x64.ActiveCfg = Debug|x64
		{8E5FF499-3FE9-4D32-B728-84E277CBA486}.Debug|x64.Build.0 = Debug|x64
		{8E5FF499-3FE9-4D32-B728-84E277CBA486}.Debug|x64.Deploy.0 = Debug|x64
		{8E5FF499-3FE9-4D32-B728-84E277CBA486}.Debug|x86.ActiveCfg = Debug|x86
		{8E5FF499-3FE9-4D32-B728-84E277CBA486}.Debug|x86.Build.0 = Debug|x86
		{8E5FF499-3FE9-4D32-B728-84E277CBA486}.Debug|x86.Deploy.0 = Debug|x86
		{8E5FF499-3FE9-4D32-B728-84E277CBA486}.Release|Any CPU.ActiveCfg = Release|x86
		{8E5FF499-3FE9-4D32-B728-84E277CBA486}.Release|Any CPU.Build.0 = Release|x86
		{8E5FF499-3FE9-4D32-B728-84E277CBA486}.Release|Any CPU.Deploy.0 = Release|x86
		{8E5FF499-3FE9-4D32-B728-84E277CBA486}.Release|ARM.ActiveCfg = Release|ARM
		{8E5FF499-3FE9-4D32-B728-84E277CBA486}.Release|ARM.Build.0 = Release|ARM
		{8E5FF499-3FE9-4D32-B728-84E277CBA486}.Release|ARM.Deploy.0 = Release|ARM
		{8E5FF499-3FE9-4D32-B728-84E277CBA486}.Release|iPhone.ActiveCfg = Release|x86
		{8E5FF499-3FE9-4D32-B728-84E277CBA486}.Release|iPhone.Build.0 = Release|x86
		{8E5FF499-3FE9-4D32-B728-84E277CBA486}.Release|iPhone.Deploy.0 = Release|x86
		{8E5FF499-3FE9-4D32-B728-84E277CBA486}.Release|iPhoneSimulator.ActiveCfg = Release|x86
		{8E5FF499-3FE9-4D32-B728-84E277CBA486}.Release|iPhoneSimulator.Build.0 = Release|x86
		{8E5FF499-3FE9-4D32-B728-84E277CBA486}.Release|iPhoneSimulator.Deploy.0 = Release|x86
		{8E5FF499-3FE9-4D32-B728-84E277CBA486}.Release|x64.ActiveCfg = Release|x64
		{8E5FF499-3FE9-4D32-B728-84E277CBA486}.Release|x64.Build.0 = Release|x64
		{8E5FF499-3FE9-4D32-B728-84E277CBA486}.Release|x64.Deploy.0 = Release|x64
		{8E5FF499-3FE9-4D32-B728-84E277CBA486}.Release|x86.ActiveCfg = Release|x86
		{8E5FF499-3FE9-4D32-B728-84E277CBA486}.Release|x86.Build.0 = Release|x86
		{8E5FF499-3FE9-4D32-B728-84E277CBA486}.Release|x86.Deploy.0 = Release|x86
		{16308B9B-91CF-4631-B95E-3D55A7439A08}.Debug|Any CPU.ActiveCfg = Debug|Any CPU
		{16308B9B-91CF-4631-B95E-3D55A7439A08}.Debug|Any CPU.Build.0 = Debug|Any CPU
		{16308B9B-91CF-4631-B95E-3D55A7439A08}.Debug|Any CPU.Deploy.0 = Debug|Any CPU
		{16308B9B-91CF-4631-B95E-3D55A7439A08}.Debug|ARM.ActiveCfg = Debug|Any CPU
		{16308B9B-91CF-4631-B95E-3D55A7439A08}.Debug|ARM.Build.0 = Debug|Any CPU
		{16308B9B-91CF-4631-B95E-3D55A7439A08}.Debug|ARM.Deploy.0 = Debug|Any CPU
		{16308B9B-91CF-4631-B95E-3D55A7439A08}.Debug|iPhone.ActiveCfg = Debug|Any CPU
		{16308B9B-91CF-4631-B95E-3D55A7439A08}.Debug|iPhone.Build.0 = Debug|Any CPU
		{16308B9B-91CF-4631-B95E-3D55A7439A08}.Debug|iPhone.Deploy.0 = Debug|Any CPU
		{16308B9B-91CF-4631-B95E-3D55A7439A08}.Debug|iPhoneSimulator.ActiveCfg = Debug|Any CPU
		{16308B9B-91CF-4631-B95E-3D55A7439A08}.Debug|iPhoneSimulator.Build.0 = Debug|Any CPU
		{16308B9B-91CF-4631-B95E-3D55A7439A08}.Debug|iPhoneSimulator.Deploy.0 = Debug|Any CPU
		{16308B9B-91CF-4631-B95E-3D55A7439A08}.Debug|x64.ActiveCfg = Debug|Any CPU
		{16308B9B-91CF-4631-B95E-3D55A7439A08}.Debug|x64.Build.0 = Debug|Any CPU
		{16308B9B-91CF-4631-B95E-3D55A7439A08}.Debug|x64.Deploy.0 = Debug|Any CPU
		{16308B9B-91CF-4631-B95E-3D55A7439A08}.Debug|x86.ActiveCfg = Debug|Any CPU
		{16308B9B-91CF-4631-B95E-3D55A7439A08}.Debug|x86.Build.0 = Debug|Any CPU
		{16308B9B-91CF-4631-B95E-3D55A7439A08}.Debug|x86.Deploy.0 = Debug|Any CPU
		{16308B9B-91CF-4631-B95E-3D55A7439A08}.Release|Any CPU.ActiveCfg = Release|Any CPU
		{16308B9B-91CF-4631-B95E-3D55A7439A08}.Release|Any CPU.Build.0 = Release|Any CPU
		{16308B9B-91CF-4631-B95E-3D55A7439A08}.Release|Any CPU.Deploy.0 = Release|Any CPU
		{16308B9B-91CF-4631-B95E-3D55A7439A08}.Release|ARM.ActiveCfg = Release|Any CPU
		{16308B9B-91CF-4631-B95E-3D55A7439A08}.Release|ARM.Build.0 = Release|Any CPU
		{16308B9B-91CF-4631-B95E-3D55A7439A08}.Release|ARM.Deploy.0 = Release|Any CPU
		{16308B9B-91CF-4631-B95E-3D55A7439A08}.Release|iPhone.ActiveCfg = Release|Any CPU
		{16308B9B-91CF-4631-B95E-3D55A7439A08}.Release|iPhone.Build.0 = Release|Any CPU
		{16308B9B-91CF-4631-B95E-3D55A7439A08}.Release|iPhone.Deploy.0 = Release|Any CPU
		{16308B9B-91CF-4631-B95E-3D55A7439A08}.Release|iPhoneSimulator.ActiveCfg = Release|Any CPU
		{16308B9B-91CF-4631-B95E-3D55A7439A08}.Release|iPhoneSimulator.Build.0 = Release|Any CPU
		{16308B9B-91CF-4631-B95E-3D55A7439A08}.Release|iPhoneSimulator.Deploy.0 = Release|Any CPU
		{16308B9B-91CF-4631-B95E-3D55A7439A08}.Release|x64.ActiveCfg = Release|Any CPU
		{16308B9B-91CF-4631-B95E-3D55A7439A08}.Release|x64.Build.0 = Release|Any CPU
		{16308B9B-91CF-4631-B95E-3D55A7439A08}.Release|x64.Deploy.0 = Release|Any CPU
		{16308B9B-91CF-4631-B95E-3D55A7439A08}.Release|x86.ActiveCfg = Release|Any CPU
		{16308B9B-91CF-4631-B95E-3D55A7439A08}.Release|x86.Build.0 = Release|Any CPU
		{16308B9B-91CF-4631-B95E-3D55A7439A08}.Release|x86.Deploy.0 = Release|Any CPU
		{7015CE55-EBAC-4F13-8DA6-A086746B90FD}.Debug|Any CPU.ActiveCfg = Debug|iPhone
		{7015CE55-EBAC-4F13-8DA6-A086746B90FD}.Debug|Any CPU.Build.0 = Debug|iPhone
		{7015CE55-EBAC-4F13-8DA6-A086746B90FD}.Debug|Any CPU.Deploy.0 = Debug|iPhone
		{7015CE55-EBAC-4F13-8DA6-A086746B90FD}.Debug|ARM.ActiveCfg = Debug|iPhoneSimulator
		{7015CE55-EBAC-4F13-8DA6-A086746B90FD}.Debug|ARM.Build.0 = Debug|iPhoneSimulator
		{7015CE55-EBAC-4F13-8DA6-A086746B90FD}.Debug|ARM.Deploy.0 = Debug|iPhoneSimulator
		{7015CE55-EBAC-4F13-8DA6-A086746B90FD}.Debug|iPhone.ActiveCfg = Debug|iPhone
		{7015CE55-EBAC-4F13-8DA6-A086746B90FD}.Debug|iPhone.Build.0 = Debug|iPhone
		{7015CE55-EBAC-4F13-8DA6-A086746B90FD}.Debug|iPhone.Deploy.0 = Debug|iPhone
		{7015CE55-EBAC-4F13-8DA6-A086746B90FD}.Debug|iPhoneSimulator.ActiveCfg = Debug|iPhoneSimulator
		{7015CE55-EBAC-4F13-8DA6-A086746B90FD}.Debug|iPhoneSimulator.Build.0 = Debug|iPhoneSimulator
		{7015CE55-EBAC-4F13-8DA6-A086746B90FD}.Debug|iPhoneSimulator.Deploy.0 = Debug|iPhoneSimulator
		{7015CE55-EBAC-4F13-8DA6-A086746B90FD}.Debug|x64.ActiveCfg = Debug|iPhone
		{7015CE55-EBAC-4F13-8DA6-A086746B90FD}.Debug|x64.Build.0 = Debug|iPhone
		{7015CE55-EBAC-4F13-8DA6-A086746B90FD}.Debug|x64.Deploy.0 = Debug|iPhone
		{7015CE55-EBAC-4F13-8DA6-A086746B90FD}.Debug|x86.ActiveCfg = Debug|iPhone
		{7015CE55-EBAC-4F13-8DA6-A086746B90FD}.Debug|x86.Build.0 = Debug|iPhone
		{7015CE55-EBAC-4F13-8DA6-A086746B90FD}.Debug|x86.Deploy.0 = Debug|iPhone
		{7015CE55-EBAC-4F13-8DA6-A086746B90FD}.Release|Any CPU.ActiveCfg = Release|iPhone
		{7015CE55-EBAC-4F13-8DA6-A086746B90FD}.Release|Any CPU.Build.0 = Release|iPhone
		{7015CE55-EBAC-4F13-8DA6-A086746B90FD}.Release|Any CPU.Deploy.0 = Release|iPhone
		{7015CE55-EBAC-4F13-8DA6-A086746B90FD}.Release|ARM.ActiveCfg = Release|iPhone
		{7015CE55-EBAC-4F13-8DA6-A086746B90FD}.Release|ARM.Build.0 = Release|iPhone
		{7015CE55-EBAC-4F13-8DA6-A086746B90FD}.Release|ARM.Deploy.0 = Release|iPhone
		{7015CE55-EBAC-4F13-8DA6-A086746B90FD}.Release|iPhone.ActiveCfg = Release|iPhone
		{7015CE55-EBAC-4F13-8DA6-A086746B90FD}.Release|iPhone.Build.0 = Release|iPhone
		{7015CE55-EBAC-4F13-8DA6-A086746B90FD}.Release|iPhone.Deploy.0 = Release|iPhone
		{7015CE55-EBAC-4F13-8DA6-A086746B90FD}.Release|iPhoneSimulator.ActiveCfg = Release|iPhoneSimulator
		{7015CE55-EBAC-4F13-8DA6-A086746B90FD}.Release|iPhoneSimulator.Build.0 = Release|iPhoneSimulator
		{7015CE55-EBAC-4F13-8DA6-A086746B90FD}.Release|iPhoneSimulator.Deploy.0 = Release|iPhoneSimulator
		{7015CE55-EBAC-4F13-8DA6-A086746B90FD}.Release|x64.ActiveCfg = Release|iPhone
		{7015CE55-EBAC-4F13-8DA6-A086746B90FD}.Release|x64.Build.0 = Release|iPhone
		{7015CE55-EBAC-4F13-8DA6-A086746B90FD}.Release|x64.Deploy.0 = Release|iPhone
		{7015CE55-EBAC-4F13-8DA6-A086746B90FD}.Release|x86.ActiveCfg = Release|iPhone
		{7015CE55-EBAC-4F13-8DA6-A086746B90FD}.Release|x86.Build.0 = Release|iPhone
		{7015CE55-EBAC-4F13-8DA6-A086746B90FD}.Release|x86.Deploy.0 = Release|iPhone
		{C4314496-E650-4C2B-861E-DD34D61141BA}.Debug|Any CPU.ActiveCfg = Debug|Any CPU
		{C4314496-E650-4C2B-861E-DD34D61141BA}.Debug|Any CPU.Build.0 = Debug|Any CPU
		{C4314496-E650-4C2B-861E-DD34D61141BA}.Debug|Any CPU.Deploy.0 = Debug|Any CPU
		{C4314496-E650-4C2B-861E-DD34D61141BA}.Debug|ARM.ActiveCfg = Debug|Any CPU
		{C4314496-E650-4C2B-861E-DD34D61141BA}.Debug|ARM.Build.0 = Debug|Any CPU
		{C4314496-E650-4C2B-861E-DD34D61141BA}.Debug|ARM.Deploy.0 = Debug|Any CPU
		{C4314496-E650-4C2B-861E-DD34D61141BA}.Debug|iPhone.ActiveCfg = Debug|Any CPU
		{C4314496-E650-4C2B-861E-DD34D61141BA}.Debug|iPhone.Build.0 = Debug|Any CPU
		{C4314496-E650-4C2B-861E-DD34D61141BA}.Debug|iPhone.Deploy.0 = Debug|Any CPU
		{C4314496-E650-4C2B-861E-DD34D61141BA}.Debug|iPhoneSimulator.ActiveCfg = Debug|Any CPU
		{C4314496-E650-4C2B-861E-DD34D61141BA}.Debug|iPhoneSimulator.Build.0 = Debug|Any CPU
		{C4314496-E650-4C2B-861E-DD34D61141BA}.Debug|iPhoneSimulator.Deploy.0 = Debug|Any CPU
		{C4314496-E650-4C2B-861E-DD34D61141BA}.Debug|x64.ActiveCfg = Debug|Any CPU
		{C4314496-E650-4C2B-861E-DD34D61141BA}.Debug|x64.Build.0 = Debug|Any CPU
		{C4314496-E650-4C2B-861E-DD34D61141BA}.Debug|x64.Deploy.0 = Debug|Any CPU
		{C4314496-E650-4C2B-861E-DD34D61141BA}.Debug|x86.ActiveCfg = Debug|Any CPU
		{C4314496-E650-4C2B-861E-DD34D61141BA}.Debug|x86.Build.0 = Debug|Any CPU
		{C4314496-E650-4C2B-861E-DD34D61141BA}.Debug|x86.Deploy.0 = Debug|Any CPU
		{C4314496-E650-4C2B-861E-DD34D61141BA}.Release|Any CPU.ActiveCfg = Release|Any CPU
		{C4314496-E650-4C2B-861E-DD34D61141BA}.Release|Any CPU.Build.0 = Release|Any CPU
		{C4314496-E650-4C2B-861E-DD34D61141BA}.Release|Any CPU.Deploy.0 = Release|Any CPU
		{C4314496-E650-4C2B-861E-DD34D61141BA}.Release|ARM.ActiveCfg = Release|Any CPU
		{C4314496-E650-4C2B-861E-DD34D61141BA}.Release|ARM.Build.0 = Release|Any CPU
		{C4314496-E650-4C2B-861E-DD34D61141BA}.Release|ARM.Deploy.0 = Release|Any CPU
		{C4314496-E650-4C2B-861E-DD34D61141BA}.Release|iPhone.ActiveCfg = Release|Any CPU
		{C4314496-E650-4C2B-861E-DD34D61141BA}.Release|iPhone.Build.0 = Release|Any CPU
		{C4314496-E650-4C2B-861E-DD34D61141BA}.Release|iPhone.Deploy.0 = Release|Any CPU
		{C4314496-E650-4C2B-861E-DD34D61141BA}.Release|iPhoneSimulator.ActiveCfg = Release|Any CPU
		{C4314496-E650-4C2B-861E-DD34D61141BA}.Release|iPhoneSimulator.Build.0 = Release|Any CPU
		{C4314496-E650-4C2B-861E-DD34D61141BA}.Release|iPhoneSimulator.Deploy.0 = Release|Any CPU
		{C4314496-E650-4C2B-861E-DD34D61141BA}.Release|x64.ActiveCfg = Release|Any CPU
		{C4314496-E650-4C2B-861E-DD34D61141BA}.Release|x64.Build.0 = Release|Any CPU
		{C4314496-E650-4C2B-861E-DD34D61141BA}.Release|x64.Deploy.0 = Release|Any CPU
		{C4314496-E650-4C2B-861E-DD34D61141BA}.Release|x86.ActiveCfg = Release|Any CPU
		{C4314496-E650-4C2B-861E-DD34D61141BA}.Release|x86.Build.0 = Release|Any CPU
		{C4314496-E650-4C2B-861E-DD34D61141BA}.Release|x86.Deploy.0 = Release|Any CPU
	EndGlobalSection
	GlobalSection(SolutionProperties) = preSolution
		HideSolutionNode = FALSE
	EndGlobalSection
	GlobalSection(ExtensibilityGlobals) = postSolution
		SolutionGuid = {A067AE6F-DFA7-47E0-8241-12EB6187C94B}
	EndGlobalSection
EndGlobal
